
Microsoft Visual Studio Solution File, Format Version 12.00
# Visual Studio 14
VisualStudioVersion = 14.0.25420.1
MinimumVisualStudioVersion = 10.0.40219.1
Project("{FAE04EC0-301F-11D3-BF4B-00C04F79EFBC}") = "ConnectFour.BLL", "ConnectFour.BLL\ConnectFour.BLL.csproj", "{829098E0-C1BB-4833-A89E-246BB5A80D78}"
EndProject
Project("{FAE04EC0-301F-11D3-BF4B-00C04F79EFBC}") = "ConnectFour.Console", "ConnectFour.Console\ConnectFour.Console.csproj", "{AEACB788-CC11-4B9E-BB05-E8064C3092CF}"
EndProject
Global
	GlobalSection(SolutionConfigurationPlatforms) = preSolution
		Debug|Any CPU = Debug|Any CPU
		Release|Any CPU = Release|Any CPU
	EndGlobalSection
	GlobalSection(ProjectConfigurationPlatforms) = postSolution
		{829098E0-C1BB-4833-A89E-246BB5A80D78}.Debug|Any CPU.ActiveCfg = Debug|Any CPU
		{829098E0-C1BB-4833-A89E-246BB5A80D78}.Debug|Any CPU.Build.0 = Debug|Any CPU
		{829098E0-C1BB-4833-A89E-246BB5A80D78}.Release|Any CPU.ActiveCfg = Release|Any CPU
		{829098E0-C1BB-4833-A89E-246BB5A80D78}.Release|Any CPU.Build.0 = Release|Any CPU
		{AEACB788-CC11-4B9E-BB05-E8064C3092CF}.Debug|Any CPU.ActiveCfg = Debug|Any CPU
		{AEACB788-CC11-4B9E-BB05-E8064C3092CF}.Debug|Any CPU.Build.0 = Debug|Any CPU
		{AEACB788-CC11-4B9E-BB05-E8064C3092CF}.Release|Any CPU.ActiveCfg = Release|Any CPU
		{AEACB788-CC11-4B9E-BB05-E8064C3092CF}.Release|Any CPU.Build.0 = Release|Any CPU
	EndGlobalSection
	GlobalSection(SolutionProperties) = preSolution
		HideSolutionNode = FALSE
	EndGlobalSection
EndGlobal
